{
  "nodes": {
    "nixpkgs": {
      "locked": {
        "lastModified": 1782467914,
        "narHash": "sha256-pGvFkM8N0xEkIIXDe5YYfbEAvHrk4IxBrjB/x8OomhE=",
        "owner": "nixos",
        "repo": "nixpkgs",
        "rev": "e73de5be04e0eff4190a1432b946d469c794e7b4",
        "type": "github"
      },
      "original": {
        "owner": "nixos",
        "ref": "nixos-unstable",
        "repo": "nixpkgs",
        "type": "github"
      }
    },
    "root": {
      "inputs": {
        "nixpkgs": "nixpkgs",
        "swayline": "swayline"
      }
    },
    "swayline": {
      "inputs": {
        "nixpkgs": [
          "nixpkgs"
        ]
      },
      "locked": {
        "lastModified": 1782737740,
        "narHash": "sha256-Mj0dhruGDDRgQtYtPDoykVvR98Vn/atfHVXtuufjqzY=",
        "owner": "patrickswijgman",
        "repo": "swayline",
        "rev": "6c11a361585568a4ddb3d556d354d9378b8e2564",
        "type": "github"
      },
      "original": {
        "owner": "patrickswijgman",
        "repo": "swayline",
        "type": "github"
      }
    }
  },
  "root": "root",
  "version": 7
}
